
Microsoft Visual Studio Solution File, Format Version 12.00
# Visual Studio 15
Project("{FAE04EC0-301F-11D3-BF4B-00C04F79EFBC}") = "Assembly-CSharp", "Assembly-CSharp.csproj", "{9CC664DA-DA2A-C944-45CF-4276490412AA}"
EndProject
Project("{FAE04EC0-301F-11D3-BF4B-00C04F79EFBC}") = "Assembly-CSharp-Editor-firstpass", "Assembly-CSharp-Editor-firstpass.csproj", "{F31B0AA0-A2CC-2F79-5218-EE005B276C13}"
EndProject
Global
	GlobalSection(SolutionConfigurationPlatforms) = preSolution
		Debug|Any CPU = Debug|Any CPU
		Release|Any CPU = Release|Any CPU
	EndGlobalSection
	GlobalSection(ProjectConfigurationPlatforms) = postSolution
		{9CC664DA-DA2A-C944-45CF-4276490412AA}.Debug|Any CPU.ActiveCfg = Debug|Any CPU
		{9CC664DA-DA2A-C944-45CF-4276490412AA}.Debug|Any CPU.Build.0 = Debug|Any CPU
		{9CC664DA-DA2A-C944-45CF-4276490412AA}.Release|Any CPU.ActiveCfg = Release|Any CPU
		{9CC664DA-DA2A-C944-45CF-4276490412AA}.Release|Any CPU.Build.0 = Release|Any CPU
		{F31B0AA0-A2CC-2F79-5218-EE005B276C13}.Debug|Any CPU.ActiveCfg = Debug|Any CPU
		{F31B0AA0-A2CC-2F79-5218-EE005B276C13}.Debug|Any CPU.Build.0 = Debug|Any CPU
		{F31B0AA0-A2CC-2F79-5218-EE005B276C13}.Release|Any CPU.ActiveCfg = Release|Any CPU
		{F31B0AA0-A2CC-2F79-5218-EE005B276C13}.Release|Any CPU.Build.0 = Release|Any CPU
	EndGlobalSection
	GlobalSection(SolutionProperties) = preSolution
		HideSolutionNode = FALSE
	EndGlobalSection
EndGlobal
